
Microsoft Visual Studio Solution File, Format Version 12.00
# Visual Studio Version 17
VisualStudioVersion = 17.7.34024.191
MinimumVisualStudioVersion = 10.0.40219.1
Project("{2150E333-8FDC-42A3-9474-1A3956D46DE8}") = "1. Infrastructure", "1. Infrastructure", "{54F1ADE9-5309-498D-8893-056AFA3E87EC}"
EndProject
Project("{2150E333-8FDC-42A3-9474-1A3956D46DE8}") = "2. Application Services", "2. Application Services", "{83DB3632-7083-4F42-99C9-B4486165A891}"
EndProject
Project("{2150E333-8FDC-42A3-9474-1A3956D46DE8}") = "3. Domain Services", "3. Domain Services", "{2B394A9B-B040-42DB-8C52-A0F9D4B2A802}"
EndProject
Project("{2150E333-8FDC-42A3-9474-1A3956D46DE8}") = "4. Domain Model", "4. Domain Model", "{DAFEFE57-EA51-4DA5-A83F-7F138BB4420F}"
EndProject
Project("{2150E333-8FDC-42A3-9474-1A3956D46DE8}") = "5. Repository", "5. Repository", "{E4C7576A-FB00-40F4-A4A2-DF442DDC2190}"
EndProject
Project("{FAE04EC0-301F-11D3-BF4B-00C04F79EFBC}") = "NTUST.BulkMail.Web", "NTUST.BulkMail.Web\NTUST.BulkMail.Web.csproj", "{51BAB103-C2AC-473E-BBDA-9BEDE59106AA}"
EndProject
Project("{FAE04EC0-301F-11D3-BF4B-00C04F79EFBC}") = "NTUSU.BulkMail.Services", "NTUSU.BulkMail.Services\NTUSU.BulkMail.Services.csproj", "{2659C904-AA27-4F8F-BE3E-6A2E1F0E24FF}"
EndProject
Project("{FAE04EC0-301F-11D3-BF4B-00C04F79EFBC}") = "NTUSU.BulkMail.Models", "NTUSU.BulkMail.Models\NTUSU.BulkMail.Models.csproj", "{B1AAAF03-82B6-41C9-B099-22C253D0CA91}"
EndProject
Project("{FAE04EC0-301F-11D3-BF4B-00C04F79EFBC}") = "NTUSU.BulkMail.EntityFramework", "NTUSU.BulkMail.EntityFramework\NTUSU.BulkMail.EntityFramework.csproj", "{68AE6BB1-E7E1-41C0-ADF9-D6CE1BD6E8BC}"
EndProject
Project("{FAE04EC0-301F-11D3-BF4B-00C04F79EFBC}") = "NTUSU.BulkMail.Repository", "NTUSU.BulkMail.Repository\NTUSU.BulkMail.Repository.csproj", "{8F6706B8-B987-4EE7-8E95-E755BC275760}"
EndProject
Global
	GlobalSection(SolutionConfigurationPlatforms) = preSolution
		Debug|Any CPU = Debug|Any CPU
		Release|Any CPU = Release|Any CPU
	EndGlobalSection
	GlobalSection(ProjectConfigurationPlatforms) = postSolution
		{51BAB103-C2AC-473E-BBDA-9BEDE59106AA}.Debug|Any CPU.ActiveCfg = Debug|Any CPU
		{51BAB103-C2AC-473E-BBDA-9BEDE59106AA}.Debug|Any CPU.Build.0 = Debug|Any CPU
		{51BAB103-C2AC-473E-BBDA-9BEDE59106AA}.Release|Any CPU.ActiveCfg = Release|Any CPU
		{51BAB103-C2AC-473E-BBDA-9BEDE59106AA}.Release|Any CPU.Build.0 = Release|Any CPU
		{2659C904-AA27-4F8F-BE3E-6A2E1F0E24FF}.Debug|Any CPU.ActiveCfg = Debug|Any CPU
		{2659C904-AA27-4F8F-BE3E-6A2E1F0E24FF}.Debug|Any CPU.Build.0 = Debug|Any CPU
		{2659C904-AA27-4F8F-BE3E-6A2E1F0E24FF}.Release|Any CPU.ActiveCfg = Release|Any CPU
		{2659C904-AA27-4F8F-BE3E-6A2E1F0E24FF}.Release|Any CPU.Build.0 = Release|Any CPU
		{B1AAAF03-82B6-41C9-B099-22C253D0CA91}.Debug|Any CPU.ActiveCfg = Debug|Any CPU
		{B1AAAF03-82B6-41C9-B099-22C253D0CA91}.Debug|Any CPU.Build.0 = Debug|Any CPU
		{B1AAAF03-82B6-41C9-B099-22C253D0CA91}.Release|Any CPU.ActiveCfg = Release|Any CPU
		{B1AAAF03-82B6-41C9-B099-22C253D0CA91}.Release|Any CPU.Build.0 = Release|Any CPU
		{68AE6BB1-E7E1-41C0-ADF9-D6CE1BD6E8BC}.Debug|Any CPU.ActiveCfg = Debug|Any CPU
		{68AE6BB1-E7E1-41C0-ADF9-D6CE1BD6E8BC}.Debug|Any CPU.Build.0 = Debug|Any CPU
		{68AE6BB1-E7E1-41C0-ADF9-D6CE1BD6E8BC}.Release|Any CPU.ActiveCfg = Release|Any CPU
		{68AE6BB1-E7E1-41C0-ADF9-D6CE1BD6E8BC}.Release|Any CPU.Build.0 = Release|Any CPU
		{8F6706B8-B987-4EE7-8E95-E755BC275760}.Debug|Any CPU.ActiveCfg = Debug|Any CPU
		{8F6706B8-B987-4EE7-8E95-E755BC275760}.Debug|Any CPU.Build.0 = Debug|Any CPU
		{8F6706B8-B987-4EE7-8E95-E755BC275760}.Release|Any CPU.ActiveCfg = Release|Any CPU
		{8F6706B8-B987-4EE7-8E95-E755BC275760}.Release|Any CPU.Build.0 = Release|Any CPU
	EndGlobalSection
	GlobalSection(SolutionProperties) = preSolution
		HideSolutionNode = FALSE
	EndGlobalSection
	GlobalSection(NestedProjects) = preSolution
		{51BAB103-C2AC-473E-BBDA-9BEDE59106AA} = {83DB3632-7083-4F42-99C9-B4486165A891}
		{2659C904-AA27-4F8F-BE3E-6A2E1F0E24FF} = {2B394A9B-B040-42DB-8C52-A0F9D4B2A802}
		{B1AAAF03-82B6-41C9-B099-22C253D0CA91} = {DAFEFE57-EA51-4DA5-A83F-7F138BB4420F}
		{68AE6BB1-E7E1-41C0-ADF9-D6CE1BD6E8BC} = {E4C7576A-FB00-40F4-A4A2-DF442DDC2190}
		{8F6706B8-B987-4EE7-8E95-E755BC275760} = {E4C7576A-FB00-40F4-A4A2-DF442DDC2190}
	EndGlobalSection
	GlobalSection(ExtensibilityGlobals) = postSolution
		SolutionGuid = {34CCD1AC-E444-402D-847D-795F163B3895}
	EndGlobalSection
EndGlobal
